// !$*UTF8*$!
{
	archiveVersion = 1;
	classes = {
	};
	objectVersion = 55;
	objects = {

/* Begin PBXBuildFile section */
		C11A2FFD292304D2007A7619 /* AppDelegate.swift in Sources */ = {isa = PBXBuildFile; fileRef = C11A2FFC292304D2007A7619 /* AppDelegate.swift */; };
		C11A2FFF292304D2007A7619 /* SceneDelegate.swift in Sources */ = {isa = PBXBuildFile; fileRef = C11A2FFE292304D2007A7619 /* SceneDelegate.swift */; };
		C11A3001292304D2007A7619 /* WelcomeView.swift in Sources */ = {isa = PBXBuildFile; fileRef = C11A3000292304D2007A7619 /* WelcomeView.swift */; };
		C11A3006292304D4007A7619 /* Assets.xcassets in Resources */ = {isa = PBXBuildFile; fileRef = C11A3005292304D4007A7619 /* Assets.xcassets */; };
		C11A3009292304D4007A7619 /* LaunchScreen.storyboard in Resources */ = {isa = PBXBuildFile; fileRef = C11A3007292304D4007A7619 /* LaunchScreen.storyboard */; };
		C11A301C292D7393007A7619 /* NotesView.swift in Sources */ = {isa = PBXBuildFile; fileRef = C11A301B292D7393007A7619 /* NotesView.swift */; };
		C11A301F292D73FF007A7619 /* UiView_Pin.swift in Sources */ = {isa = PBXBuildFile; fileRef = C11A301E292D73FF007A7619 /* UiView_Pin.swift */; };
		C11A3021292D744B007A7619 /* AddNoteCell.swift in Sources */ = {isa = PBXBuildFile; fileRef = C11A3020292D744B007A7619 /* AddNoteCell.swift */; };
		C11A3023292D74B4007A7619 /* ColorPallete.swift in Sources */ = {isa = PBXBuildFile; fileRef = C11A3022292D74B4007A7619 /* ColorPallete.swift */; };
		C11A3025292D74E5007A7619 /* ShortNoteModel.swift in Sources */ = {isa = PBXBuildFile; fileRef = C11A3024292D74E5007A7619 /* ShortNoteModel.swift */; };
/* End PBXBuildFile section */

/* Begin PBXFileReference section */
		C11A2FF9292304D2007A7619 /* HW4.app */ = {isa = PBXFileReference; explicitFileType = wrapper.application; includeInIndex = 0; path = HW4.app; sourceTree = BUILT_PRODUCTS_DIR; };
		C11A2FFC292304D2007A7619 /* AppDelegate.swift */ = {isa = PBXFileReference; lastKnownFileType = sourcecode.swift; path = AppDelegate.swift; sourceTree = "<group>"; };
		C11A2FFE292304D2007A7619 /* SceneDelegate.swift */ = {isa = PBXFileReference; lastKnownFileType = sourcecode.swift; path = SceneDelegate.swift; sourceTree = "<group>"; };
		C11A3000292304D2007A7619 /* WelcomeView.swift */ = {isa = PBXFileReference; lastKnownFileType = sourcecode.swift; path = WelcomeView.swift; sourceTree = "<group>"; };
		C11A3005292304D4007A7619 /* Assets.xcassets */ = {isa = PBXFileReference; lastKnownFileType = folder.assetcatalog; path = Assets.xcassets; sourceTree = "<group>"; };
		C11A3008292304D4007A7619 /* Base */ = {isa = PBXFileReference; lastKnownFileType = file.storyboard; name = Base; path = Base.lproj/LaunchScreen.storyboard; sourceTree = "<group>"; };
		C11A300A292304D4007A7619 /* Info.plist */ = {isa = PBXFileReference; lastKnownFileType = text.plist.xml; path = Info.plist; sourceTree = "<group>"; };
		C11A301B292D7393007A7619 /* NotesView.swift */ = {isa = PBXFileReference; lastKnownFileType = sourcecode.swift; path = NotesView.swift; sourceTree = "<group>"; };
		C11A301E292D73FF007A7619 /* UiView_Pin.swift */ = {isa = PBXFileReference; lastKnownFileType = sourcecode.swift; path = UiView_Pin.swift; sourceTree = "<group>"; };
		C11A3020292D744B007A7619 /* AddNoteCell.swift */ = {isa = PBXFileReference; lastKnownFileType = sourcecode.swift; path = AddNoteCell.swift; sourceTree = "<group>"; };
		C11A3022292D74B4007A7619 /* ColorPallete.swift */ = {isa = PBXFileReference; lastKnownFileType = sourcecode.swift; path = ColorPallete.swift; sourceTree = "<group>"; };
		C11A3024292D74E5007A7619 /* ShortNoteModel.swift */ = {isa = PBXFileReference; lastKnownFileType = sourcecode.swift; path = ShortNoteModel.swift; sourceTree = "<group>"; };
/* End PBXFileReference section */

/* Begin PBXFrameworksBuildPhase section */
		C11A2FF6292304D2007A7619 /* Frameworks */ = {
			isa = PBXFrameworksBuildPhase;
			buildActionMask = 2147483647;
			files = (
			);
			runOnlyForDeploymentPostprocessing = 0;
		};
/* End PBXFrameworksBuildPhase section */

/* Begin PBXGroup section */
		C11A2FF0292304D2007A7619 = {
			isa = PBXGroup;
			children = (
				C11A2FFB292304D2007A7619 /* HW4 */,
				C11A2FFA292304D2007A7619 /* Products */,
			);
			sourceTree = "<group>";
		};
		C11A2FFA292304D2007A7619 /* Products */ = {
			isa = PBXGroup;
			children = (
				C11A2FF9292304D2007A7619 /* HW4.app */,
			);
			name = Products;
			sourceTree = "<group>";
		};
		C11A2FFB292304D2007A7619 /* HW4 */ = {
			isa = PBXGroup;
			children = (
				C11A301D292D73E1007A7619 /* View */,
				C11A301A292D7312007A7619 /* Controller */,
				C11A2FFC292304D2007A7619 /* AppDelegate.swift */,
				C11A2FFE292304D2007A7619 /* SceneDelegate.swift */,
				C11A3005292304D4007A7619 /* Assets.xcassets */,
				C11A3007292304D4007A7619 /* LaunchScreen.storyboard */,
				C11A300A292304D4007A7619 /* Info.plist */,
				C11A3024292D74E5007A7619 /* ShortNoteModel.swift */,
			);
			path = HW4;
			sourceTree = "<group>";
		};
		C11A301A292D7312007A7619 /* Controller */ = {
			isa = PBXGroup;
			children = (
				C11A3000292304D2007A7619 /* WelcomeView.swift */,
				C11A301B292D7393007A7619 /* NotesView.swift */,
			);
			path = Controller;
			sourceTree = "<group>";
		};
		C11A301D292D73E1007A7619 /* View */ = {
			isa = PBXGroup;
			children = (
				C11A301E292D73FF007A7619 /* UiView_Pin.swift */,
				C11A3020292D744B007A7619 /* AddNoteCell.swift */,
				C11A3022292D74B4007A7619 /* ColorPallete.swift */,
			);
			path = View;
			sourceTree = "<group>";
		};
/* End PBXGroup section */

/* Begin PBXNativeTarget section */
		C11A2FF8292304D2007A7619 /* HW4 */ = {
			isa = PBXNativeTarget;
			buildConfigurationList = C11A300D292304D4007A7619 /* Build configuration list for PBXNativeTarget "HW4" */;
			buildPhases = (
				C11A2FF5292304D2007A7619 /* Sources */,
				C11A2FF6292304D2007A7619 /* Frameworks */,
				C11A2FF7292304D2007A7619 /* Resources */,
			);
			buildRules = (
			);
			dependencies = (
			);
			name = HW4;
			productName = HW4;
			productReference = C11A2FF9292304D2007A7619 /* HW4.app */;
			productType = "com.apple.product-type.application";
		};
/* End PBXNativeTarget section */

/* Begin PBXProject section */
		C11A2FF1292304D2007A7619 /* Project object */ = {
			isa = PBXProject;
			attributes = {
				BuildIndependentTargetsInParallel = 1;
				LastSwiftUpdateCheck = 1340;
				LastUpgradeCheck = 1340;
				TargetAttributes = {
					C11A2FF8292304D2007A7619 = {
						CreatedOnToolsVersion = 13.4.1;
					};
				};
			};
			buildConfigurationList = C11A2FF4292304D2007A7619 /* Build configuration list for PBXProject "HW4" */;
			compatibilityVersion = "Xcode 13.0";
			developmentRegion = en;
			hasScannedForEncodings = 0;
			knownRegions = (
				en,
				Base,
			);
			mainGroup = C11A2FF0292304D2007A7619;
			productRefGroup = C11A2FFA292304D2007A7619 /* Products */;
			projectDirPath = "";
			projectRoot = "";
			targets = (
				C11A2FF8292304D2007A7619 /* HW4 */,
			);
		};
/* End PBXProject section */

/* Begin PBXResourcesBuildPhase section */
		C11A2FF7292304D2007A7619 /* Resources */ = {
			isa = PBXResourcesBuildPhase;
			buildActionMask = 2147483647;
			files = (
				C11A3009292304D4007A7619 /* LaunchScreen.storyboard in Resources */,
				C11A3006292304D4007A7619 /* Assets.xcassets in Resources */,
			);
			runOnlyForDeploymentPostprocessing = 0;
		};
/* End PBXResourcesBuildPhase section */

/* Begin PBXSourcesBuildPhase section */
		C11A2FF5292304D2007A7619 /* Sources */ = {
			isa = PBXSourcesBuildPhase;
			buildActionMask = 2147483647;
			files = (
				C11A3023292D74B4007A7619 /* ColorPallete.swift in Sources */,
				C11A3001292304D2007A7619 /* WelcomeView.swift in Sources */,
				C11A3021292D744B007A7619 /* AddNoteCell.swift in Sources */,
				C11A301F292D73FF007A7619 /* UiView_Pin.swift in Sources */,
				C11A2FFD292304D2007A7619 /* AppDelegate.swift in Sources */,
				C11A301C292D7393007A7619 /* NotesView.swift in Sources */,
				C11A3025292D74E5007A7619 /* ShortNoteModel.swift in Sources */,
				C11A2FFF292304D2007A7619 /* SceneDelegate.swift in Sources */,
			);
			runOnlyForDeploymentPostprocessing = 0;
		};
/* End PBXSourcesBuildPhase section */

/* Begin PBXVariantGroup section */
		C11A3007292304D4007A7619 /* LaunchScreen.storyboard */ = {
			isa = PBXVariantGroup;
			children = (
				C11A3008292304D4007A7619 /* Base */,
			);
			name = LaunchScreen.storyboard;
			sourceTree = "<group>";
		};
/* End PBXVariantGroup section */

/* Begin XCBuildConfiguration section */
		C11A300B292304D4007A7619 /* Debug */ = {
			isa = XCBuildConfiguration;
			buildSettings = {
				ALWAYS_SEARCH_USER_PATHS = NO;
				CLANG_ANALYZER_NONNULL = YES;
				CLANG_ANALYZER_NUMBER_OBJECT_CONVERSION = YES_AGGRESSIVE;
				CLANG_CXX_LANGUAGE_STANDARD = "gnu++17";
				CLANG_ENABLE_MODULES = YES;
				CLANG_ENABLE_OBJC_ARC = YES;
				CLANG_ENABLE_OBJC_WEAK = YES;
				CLANG_WARN_BLOCK_CAPTURE_AUTORELEASING = YES;
				CLANG_WARN_BOOL_CONVERSION = YES;
				CLANG_WARN_COMMA = YES;
				CLANG_WARN_CONSTANT_CONVERSION = YES;
				CLANG_WARN_DEPRECATED_OBJC_IMPLEMENTATIONS = YES;
				CLANG_WARN_DIRECT_OBJC_ISA_USAGE = YES_ERROR;
				CLANG_WARN_DOCUMENTATION_COMMENTS = YES;
				CLANG_WARN_EMPTY_BODY = YES;
				CLANG_WARN_ENUM_CONVERSION = YES;
				CLANG_WARN_INFINITE_RECURSION = YES;
				CLANG_WARN_INT_CONVERSION = YES;
				CLANG_WARN_NON_LITERAL_NULL_CONVERSION = YES;
				CLANG_WARN_OBJC_IMPLICIT_RETAIN_SELF = YES;
				CLANG_WARN_OBJC_LITERAL_CONVERSION = YES;
				CLANG_WARN_OBJC_ROOT_CLASS = YES_ERROR;
				CLANG_WARN_QUOTED_INCLUDE_IN_FRAMEWORK_HEADER = YES;
				CLANG_WARN_RANGE_LOOP_ANALYSIS = YES;
				CLANG_WARN_STRICT_PROTOTYPES = YES;
				CLANG_WARN_SUSPICIOUS_MOVE = YES;
				CLANG_WARN_UNGUARDED_AVAILABILITY = YES_AGGRESSIVE;
				CLANG_WARN_UNREACHABLE_CODE = YES;
				CLANG_WARN__DUPLICATE_METHOD_MATCH = YES;
				COPY_PHASE_STRIP = NO;
				DEBUG_INFORMATION_FORMAT = dwarf;
				ENABLE_STRICT_OBJC_MSGSEND = YES;
				ENABLE_TESTABILITY = YES;
				GCC_C_LANGUAGE_STANDARD = gnu11;
				GCC_DYNAMIC_NO_PIC = NO;
				GCC_NO_COMMON_BLOCKS = YES;
				GCC_OPTIMIZATION_LEVEL = 0;
				GCC_PREPROCESSOR_DEFINITIONS = (
					"DEBUG=1",
					"$(inherited)",
				);
				GCC_WARN_64_TO_32_BIT_CONVERSION = YES;
				GCC_WARN_ABOUT_RETURN_TYPE = YES_ERROR;
				GCC_WARN_UNDECLARED_SELECTOR = YES;
				GCC_WARN_UNINITIALIZED_AUTOS = YES_AGGRESSIVE;
				GCC_WARN_UNUSED_FUNCTION = YES;
				GCC_WARN_UNUSED_VARIABLE = YES;
				IPHONEOS_DEPLOYMENT_TARGET = 15.5;
				MTL_ENABLE_DEBUG_INFO = INCLUDE_SOURCE;
				MTL_FAST_MATH = YES;
				ONLY_ACTIVE_ARCH = YES;
				SDKROOT = iphoneos;
				SWIFT_ACTIVE_COMPILATION_CONDITIONS = DEBUG;
				SWIFT_OPTIMIZATION_LEVEL = "-Onone";
			};
			name = Debug;
		};
		C11A300C292304D4007A7619 /* Release */ = {
			isa = XCBuildConfiguration;
			buildSettings = {
				ALWAYS_SEARCH_USER_PATHS = NO;
				CLANG_ANALYZER_NONNULL = YES;
				CLANG_ANALYZER_NUMBER_OBJECT_CONVERSION = YES_AGGRESSIVE;
				CLANG_CXX_LANGUAGE_STANDARD = "gnu++17";
				CLANG_ENABLE_MODULES = YES;
				CLANG_ENABLE_OBJC_ARC = YES;
				CLANG_ENABLE_OBJC_WEAK = YES;
				CLANG_WARN_BLOCK_CAPTURE_AUTORELEASING = YES;
				CLANG_WARN_BOOL_CONVERSION = YES;
				CLANG_WARN_COMMA = YES;
				CLANG_WARN_CONSTANT_CONVERSION = YES;
				CLANG_WARN_DEPRECATED_OBJC_IMPLEMENTATIONS = YES;
				CLANG_WARN_DIRECT_OBJC_ISA_USAGE = YES_ERROR;
				CLANG_WARN_DOCUMENTATION_COMMENTS = YES;
				CLANG_WARN_EMPTY_BODY = YES;
				CLANG_WARN_ENUM_CONVERSION = YES;
				CLANG_WARN_INFINITE_RECURSION = YES;
				CLANG_WARN_INT_CONVERSION = YES;
				CLANG_WARN_NON_LITERAL_NULL_CONVERSION = YES;
				CLANG_WARN_OBJC_IMPLICIT_RETAIN_SELF = YES;
				CLANG_WARN_OBJC_LITERAL_CONVERSION = YES;
				CLANG_WARN_OBJC_ROOT_CLASS = YES_ERROR;
				CLANG_WARN_QUOTED_INCLUDE_IN_FRAMEWORK_HEADER = YES;
				CLANG_WARN_RANGE_LOOP_ANALYSIS = YES;
				CLANG_WARN_STRICT_PROTOTYPES = YES;
				CLANG_WARN_SUSPICIOUS_MOVE = YES;
				CLANG_WARN_UNGUARDED_AVAILABILITY = YES_AGGRESSIVE;
				CLANG_WARN_UNREACHABLE_CODE = YES;
				CLANG_WARN__DUPLICATE_METHOD_MATCH = YES;
				COPY_PHASE_STRIP = NO;
				DEBUG_INFORMATION_FORMAT = "dwarf-with-dsym";
				ENABLE_NS_ASSERTIONS = NO;
				ENABLE_STRICT_OBJC_MSGSEND = YES;
				GCC_C_LANGUAGE_STANDARD = gnu11;
				GCC_NO_COMMON_BLOCKS = YES;
				GCC_WARN_64_TO_32_BIT_CONVERSION = YES;
				GCC_WARN_ABOUT_RETURN_TYPE = YES_ERROR;
				GCC_WARN_UNDECLARED_SELECTOR = YES;
				GCC_WARN_UNINITIALIZED_AUTOS = YES_AGGRESSIVE;
				GCC_WARN_UNUSED_FUNCTION = YES;
				GCC_WARN_UNUSED_VARIABLE = YES;
				IPHONEOS_DEPLOYMENT_TARGET = 15.5;
				MTL_ENABLE_DEBUG_INFO = NO;
				MTL_FAST_MATH = YES;
				SDKROOT = iphoneos;
				SWIFT_COMPILATION_MODE = wholemodule;
				SWIFT_OPTIMIZATION_LEVEL = "-O";
				VALIDATE_PRODUCT = YES;
			};
			name = Release;
		};
		C11A300E292304D4007A7619 /* Debug */ = {
			isa = XCBuildConfiguration;
			buildSettings = {
				ASSETCATALOG_COMPILER_APPICON_NAME = AppIcon;
				ASSETCATALOG_COMPILER_GLOBAL_ACCENT_COLOR_NAME = AccentColor;
				CODE_SIGN_STYLE = Automatic;
				CURRENT_PROJECT_VERSION = 1;
				DEVELOPMENT_TEAM = 3Q3L3V544J;
				GENERATE_INFOPLIST_FILE = YES;
				INFOPLIST_FILE = HW4/Info.plist;
				INFOPLIST_KEY_UIApplicationSupportsIndirectInputEvents = YES;
				INFOPLIST_KEY_UILaunchStoryboardName = LaunchScreen;
				INFOPLIST_KEY_UISupportedInterfaceOrientations_iPad = "UIInterfaceOrientationPortrait UIInterfaceOrientationPortraitUpsideDown UIInterfaceOrientationLandscapeLeft UIInterfaceOrientationLandscapeRight";
				INFOPLIST_KEY_UISupportedInterfaceOrientations_iPhone = "UIInterfaceOrientationPortrait UIInterfaceOrientationLandscapeLeft UIInterfaceOrientationLandscapeRight";
				LD_RUNPATH_SEARCH_PATHS = (
					"$(inherited)",
					"@executable_path/Frameworks",
				);
				MARKETING_VERSION = 1.0;
				PRODUCT_BUNDLE_IDENTIFIER = HW.HW4;
				PRODUCT_NAME = "$(TARGET_NAME)";
				SWIFT_EMIT_LOC_STRINGS = YES;
				SWIFT_VERSION = 5.0;
				TARGETED_DEVICE_FAMILY = "1,2";
			};
			name = Debug;
		};
		C11A300F292304D4007A7619 /* Release */ = {
			isa = XCBuildConfiguration;
			buildSettings = {
				ASSETCATALOG_COMPILER_APPICON_NAME = AppIcon;
				ASSETCATALOG_COMPILER_GLOBAL_ACCENT_COLOR_NAME = AccentColor;
				CODE_SIGN_STYLE = Automatic;
				CURRENT_PROJECT_VERSION = 1;
				DEVELOPMENT_TEAM = 3Q3L3V544J;
				GENERATE_INFOPLIST_FILE = YES;
				INFOPLIST_FILE = HW4/Info.plist;
				INFOPLIST_KEY_UIApplicationSupportsIndirectInputEvents = YES;
				INFOPLIST_KEY_UILaunchStoryboardName = LaunchScreen;
				INFOPLIST_KEY_UISupportedInterfaceOrientations_iPad = "UIInterfaceOrientationPortrait UIInterfaceOrientationPortraitUpsideDown UIInterfaceOrientationLandscapeLeft UIInterfaceOrientationLandscapeRight";
				INFOPLIST_KEY_UISupportedInterfaceOrientations_iPhone = "UIInterfaceOrientationPortrait UIInterfaceOrientationLandscapeLeft UIInterfaceOrientationLandscapeRight";
				LD_RUNPATH_SEARCH_PATHS = (
					"$(inherited)",
					"@executable_path/Frameworks",
				);
				MARKETING_VERSION = 1.0;
				PRODUCT_BUNDLE_IDENTIFIER = HW.HW4;
				PRODUCT_NAME = "$(TARGET_NAME)";
				SWIFT_EMIT_LOC_STRINGS = YES;
				SWIFT_VERSION = 5.0;
				TARGETED_DEVICE_FAMILY = "1,2";
			};
			name = Release;
		};
/* End XCBuildConfiguration section */

/* Begin XCConfigurationList section */
		C11A2FF4292304D2007A7619 /* Build configuration list for PBXProject "HW4" */ = {
			isa = XCConfigurationList;
			buildConfigurations = (
				C11A300B292304D4007A7619 /* Debug */,
				C11A300C292304D4007A7619 /* Release */,
			);
			defaultConfigurationIsVisible = 0;
			defaultConfigurationName = Release;
		};
		C11A300D292304D4007A7619 /* Build configuration list for PBXNativeTarget "HW4" */ = {
			isa = XCConfigurationList;
			buildConfigurations = (
				C11A300E292304D4007A7619 /* Debug */,
				C11A300F292304D4007A7619 /* Release */,
			);
			defaultConfigurationIsVisible = 0;
			defaultConfigurationName = Release;
		};
/* End XCConfigurationList section */
	};
	rootObject = C11A2FF1292304D2007A7619 /* Project object */;
}
